// !$*UTF8*$!
{
	archiveVersion = 1;
	classes = {
	};
	objectVersion = 77;
	objects = {

/* Begin PBXBuildFile section */
		588261D22D38F6C300CEAB45 /* IQKeyboardManagerSwift in Frameworks */ = {isa = PBXBuildFile; productRef = 588261D12D38F6C300CEAB45 /* IQKeyboardManagerSwift */; };
/* End PBXBuildFile section */

/* Begin PBXBuildRule section */
		58A128232D396A610067EB16 /* PBXBuildRule */ = {
			isa = PBXBuildRule;
			compilerSpec = com.apple.compilers.proxy.script;
			fileType = pattern.proxy;
			inputFiles = (
			);
			isEditable = 1;
			outputFiles = (
			);
			script = "# Type a script or drag a script file from your workspace to insert its path.\n";
		};
/* End PBXBuildRule section */

/* Begin PBXContainerItemProxy section */
		58A9E0AE2D38045A0035636D /* PBXContainerItemProxy */ = {
			isa = PBXContainerItemProxy;
			containerPortal = 58A9E0952D3804570035636D /* Project object */;
			proxyType = 1;
			remoteGlobalIDString = 58A9E09C2D3804570035636D;
			remoteInfo = WeatherMood;
		};
		58A9E0B82D38045A0035636D /* PBXContainerItemProxy */ = {
			isa = PBXContainerItemProxy;
			containerPortal = 58A9E0952D3804570035636D /* Project object */;
			proxyType = 1;
			remoteGlobalIDString = 58A9E09C2D3804570035636D;
			remoteInfo = WeatherMood;
		};
/* End PBXContainerItemProxy section */

/* Begin PBXFileReference section */
		58A9E09D2D3804570035636D /* WeatherMood.app */ = {isa = PBXFileReference; explicitFileType = wrapper.application; includeInIndex = 0; path = WeatherMood.app; sourceTree = BUILT_PRODUCTS_DIR; };
		58A9E0AD2D38045A0035636D /* WeatherMoodTests.xctest */ = {isa = PBXFileReference; explicitFileType = wrapper.cfbundle; includeInIndex = 0; path = WeatherMoodTests.xctest; sourceTree = BUILT_PRODUCTS_DIR; };
		58A9E0B72D38045A0035636D /* WeatherMoodUITests.xctest */ = {isa = PBXFileReference; explicitFileType = wrapper.cfbundle; includeInIndex = 0; path = WeatherMoodUITests.xctest; sourceTree = BUILT_PRODUCTS_DIR; };
/* End PBXFileReference section */

/* Begin PBXFileSystemSynchronizedBuildFileExceptionSet section */
		588261B12D38210300CEAB45 /* Exceptions for "WeatherMood" folder in "WeatherMood" target */ = {
			isa = PBXFileSystemSynchronizedBuildFileExceptionSet;
			membershipExceptions = (
				Info.plist,
			);
			target = 58A9E09C2D3804570035636D /* WeatherMood */;
		};
/* End PBXFileSystemSynchronizedBuildFileExceptionSet section */

/* Begin PBXFileSystemSynchronizedRootGroup section */
		58A9E09F2D3804570035636D /* WeatherMood */ = {
			isa = PBXFileSystemSynchronizedRootGroup;
			exceptions = (
				588261B12D38210300CEAB45 /* Exceptions for "WeatherMood" folder in "WeatherMood" target */,
			);
			path = WeatherMood;
			sourceTree = "<group>";
		};
		58A9E0B02D38045A0035636D /* WeatherMoodTests */ = {
			isa = PBXFileSystemSynchronizedRootGroup;
			path = WeatherMoodTests;
			sourceTree = "<group>";
		};
		58A9E0BA2D38045A0035636D /* WeatherMoodUITests */ = {
			isa = PBXFileSystemSynchronizedRootGroup;
			path = WeatherMoodUITests;
			sourceTree = "<group>";
		};
/* End PBXFileSystemSynchronizedRootGroup section */

/* Begin PBXFrameworksBuildPhase section */
		58A9E09A2D3804570035636D /* Frameworks */ = {
			isa = PBXFrameworksBuildPhase;
			buildActionMask = 2147483647;
			files = (
				588261D22D38F6C300CEAB45 /* IQKeyboardManagerSwift in Frameworks */,
			);
			runOnlyForDeploymentPostprocessing = 0;
		};
		58A9E0AA2D38045A0035636D /* Frameworks */ = {
			isa = PBXFrameworksBuildPhase;
			buildActionMask = 2147483647;
			files = (
			);
			runOnlyForDeploymentPostprocessing = 0;
		};
		58A9E0B42D38045A0035636D /* Frameworks */ = {
			isa = PBXFrameworksBuildPhase;
			buildActionMask = 2147483647;
			files = (
			);
			runOnlyForDeploymentPostprocessing = 0;
		};
/* End PBXFrameworksBuildPhase section */

/* Begin PBXGroup section */
		58A9E0942D3804570035636D = {
			isa = PBXGroup;
			children = (
				58A9E09F2D3804570035636D /* WeatherMood */,
				58A9E0B02D38045A0035636D /* WeatherMoodTests */,
				58A9E0BA2D38045A0035636D /* WeatherMoodUITests */,
				58A9E09E2D3804570035636D /* Products */,
			);
			sourceTree = "<group>";
		};
		58A9E09E2D3804570035636D /* Products */ = {
			isa = PBXGroup;
			children = (
				58A9E09D2D3804570035636D /* WeatherMood.app */,
				58A9E0AD2D38045A0035636D /* WeatherMoodTests.xctest */,
				58A9E0B72D38045A0035636D /* WeatherMoodUITests.xctest */,
			);
			name = Products;
			sourceTree = "<group>";
		};
/* End PBXGroup section */

/* Begin PBXNativeTarget section */
		58A9E09C2D3804570035636D /* WeatherMood */ = {
			isa = PBXNativeTarget;
			buildConfigurationList = 58A9E0C12D38045A0035636D /* Build configuration list for PBXNativeTarget "WeatherMood" */;
			buildPhases = (
				58A9E0992D3804570035636D /* Sources */,
				58A9E09A2D3804570035636D /* Frameworks */,
				58A9E09B2D3804570035636D /* Resources */,
			);
			buildRules = (
				58A128232D396A610067EB16 /* PBXBuildRule */,
			);
			dependencies = (
			);
			fileSystemSynchronizedGroups = (
				58A9E09F2D3804570035636D /* WeatherMood */,
			);
			name = WeatherMood;
			packageProductDependencies = (
				588261D12D38F6C300CEAB45 /* IQKeyboardManagerSwift */,
			);
			productName = WeatherMood;
			productReference = 58A9E09D2D3804570035636D /* WeatherMood.app */;
			productType = "com.apple.product-type.application";
		};
		58A9E0AC2D38045A0035636D /* WeatherMoodTests */ = {
			isa = PBXNativeTarget;
			buildConfigurationList = 58A9E0C42D38045A0035636D /* Build configuration list for PBXNativeTarget "WeatherMoodTests" */;
			buildPhases = (
				58A9E0A92D38045A0035636D /* Sources */,
				58A9E0AA2D38045A0035636D /* Frameworks */,
				58A9E0AB2D38045A0035636D /* Resources */,
			);
			buildRules = (
			);
			dependencies = (
				58A9E0AF2D38045A0035636D /* PBXTargetDependency */,
			);
			fileSystemSynchronizedGroups = (
				58A9E0B02D38045A0035636D /* WeatherMoodTests */,
			);
			name = WeatherMoodTests;
			packageProductDependencies = (
			);
			productName = WeatherMoodTests;
			productReference = 58A9E0AD2D38045A0035636D /* WeatherMoodTests.xctest */;
			productType = "com.apple.product-type.bundle.unit-test";
		};
		58A9E0B62D38045A0035636D /* WeatherMoodUITests */ = {
			isa = PBXNativeTarget;
			buildConfigurationList = 58A9E0C72D38045A0035636D /* Build configuration list for PBXNativeTarget "WeatherMoodUITests" */;
			buildPhases = (
				58A9E0B32D38045A0035636D /* Sources */,
				58A9E0B42D38045A0035636D /* Frameworks */,
				58A9E0B52D38045A0035636D /* Resources */,
			);
			buildRules = (
			);
			dependencies = (
				58A9E0B92D38045A0035636D /* PBXTargetDependency */,
			);
			fileSystemSynchronizedGroups = (
				58A9E0BA2D38045A0035636D /* WeatherMoodUITests */,
			);
			name = WeatherMoodUITests;
			packageProductDependencies = (
			);
			productName = WeatherMoodUITests;
			productReference = 58A9E0B72D38045A0035636D /* WeatherMoodUITests.xctest */;
			productType = "com.apple.product-type.bundle.ui-testing";
		};
/* End PBXNativeTarget section */

/* Begin PBXProject section */
		58A9E0952D3804570035636D /* Project object */ = {
			isa = PBXProject;
			attributes = {
				BuildIndependentTargetsInParallel = 1;
				LastSwiftUpdateCheck = 1610;
				LastUpgradeCheck = 1610;
				TargetAttributes = {
					58A9E09C2D3804570035636D = {
						CreatedOnToolsVersion = 16.1;
					};
					58A9E0AC2D38045A0035636D = {
						CreatedOnToolsVersion = 16.1;
						TestTargetID = 58A9E09C2D3804570035636D;
					};
					58A9E0B62D38045A0035636D = {
						CreatedOnToolsVersion = 16.1;
						TestTargetID = 58A9E09C2D3804570035636D;
					};
				};
			};
			buildConfigurationList = 58A9E0982D3804570035636D /* Build configuration list for PBXProject "WeatherMood" */;
			developmentRegion = en;
			hasScannedForEncodings = 0;
			knownRegions = (
				en,
				Base,
			);
			mainGroup = 58A9E0942D3804570035636D;
			minimizedProjectReferenceProxies = 1;
			packageReferences = (
				588261D02D38F6C300CEAB45 /* XCRemoteSwiftPackageReference "IQKeyboardManager" */,
			);
			preferredProjectObjectVersion = 77;
			productRefGroup = 58A9E09E2D3804570035636D /* Products */;
			projectDirPath = "";
			projectRoot = "";
			targets = (
				58A9E09C2D3804570035636D /* WeatherMood */,
				58A9E0AC2D38045A0035636D /* WeatherMoodTests */,
				58A9E0B62D38045A0035636D /* WeatherMoodUITests */,
			);
		};
/* End PBXProject section */

/* Begin PBXResourcesBuildPhase section */
		58A9E09B2D3804570035636D /* Resources */ = {
			isa = PBXResourcesBuildPhase;
			buildActionMask = 2147483647;
			files = (
			);
			runOnlyForDeploymentPostprocessing = 0;
		};
		58A9E0AB2D38045A0035636D /* Resources */ = {
			isa = PBXResourcesBuildPhase;
			buildActionMask = 2147483647;
			files = (
			);
			runOnlyForDeploymentPostprocessing = 0;
		};
		58A9E0B52D38045A0035636D /* Resources */ = {
			isa = PBXResourcesBuildPhase;
			buildActionMask = 2147483647;
			files = (
			);
			runOnlyForDeploymentPostprocessing = 0;
		};
/* End PBXResourcesBuildPhase section */

/* Begin PBXSourcesBuildPhase section */
		58A9E0992D3804570035636D /* Sources */ = {
			isa = PBXSourcesBuildPhase;
			buildActionMask = 2147483647;
			files = (
			);
			runOnlyForDeploymentPostprocessing = 0;
		};
		58A9E0A92D38045A0035636D /* Sources */ = {
			isa = PBXSourcesBuildPhase;
			buildActionMask = 2147483647;
			files = (
			);
			runOnlyForDeploymentPostprocessing = 0;
		};
		58A9E0B32D38045A0035636D /* Sources */ = {
			isa = PBXSourcesBuildPhase;
			buildActionMask = 2147483647;
			files = (
			);
			runOnlyForDeploymentPostprocessing = 0;
		};
/* End PBXSourcesBuildPhase section */

/* Begin PBXTargetDependency section */
		58A9E0AF2D38045A0035636D /* PBXTargetDependency */ = {
			isa = PBXTargetDependency;
			target = 58A9E09C2D3804570035636D /* WeatherMood */;
			targetProxy = 58A9E0AE2D38045A0035636D /* PBXContainerItemProxy */;
		};
		58A9E0B92D38045A0035636D /* PBXTargetDependency */ = {
			isa = PBXTargetDependency;
			target = 58A9E09C2D3804570035636D /* WeatherMood */;
			targetProxy = 58A9E0B82D38045A0035636D /* PBXContainerItemProxy */;
		};
/* End PBXTargetDependency section */

/* Begin XCBuildConfiguration section */
		58A9E0BF2D38045A0035636D /* Debug */ = {
			isa = XCBuildConfiguration;
			buildSettings = {
				ALWAYS_SEARCH_USER_PATHS = NO;
				ASSETCATALOG_COMPILER_GENERATE_SWIFT_ASSET_SYMBOL_EXTENSIONS = YES;
				CLANG_ANALYZER_NONNULL = YES;
				CLANG_ANALYZER_NUMBER_OBJECT_CONVERSION = YES_AGGRESSIVE;
				CLANG_CXX_LANGUAGE_STANDARD = "gnu++20";
				CLANG_ENABLE_MODULES = YES;
				CLANG_ENABLE_OBJC_ARC = YES;
				CLANG_ENABLE_OBJC_WEAK = YES;
				CLANG_WARN_BLOCK_CAPTURE_AUTORELEASING = YES;
				CLANG_WARN_BOOL_CONVERSION = YES;
				CLANG_WARN_COMMA = YES;
				CLANG_WARN_CONSTANT_CONVERSION = YES;
				CLANG_WARN_DEPRECATED_OBJC_IMPLEMENTATIONS = YES;
				CLANG_WARN_DIRECT_OBJC_ISA_USAGE = YES_ERROR;
				CLANG_WARN_DOCUMENTATION_COMMENTS = YES;
				CLANG_WARN_EMPTY_BODY = YES;
				CLANG_WARN_ENUM_CONVERSION = YES;
				CLANG_WARN_INFINITE_RECURSION = YES;
				CLANG_WARN_INT_CONVERSION = YES;
				CLANG_WARN_NON_LITERAL_NULL_CONVERSION = YES;
				CLANG_WARN_OBJC_IMPLICIT_RETAIN_SELF = YES;
				CLANG_WARN_OBJC_LITERAL_CONVERSION = YES;
				CLANG_WARN_OBJC_ROOT_CLASS = YES_ERROR;
				CLANG_WARN_QUOTED_INCLUDE_IN_FRAMEWORK_HEADER = YES;
				CLANG_WARN_RANGE_LOOP_ANALYSIS = YES;
				CLANG_WARN_STRICT_PROTOTYPES = YES;
				CLANG_WARN_SUSPICIOUS_MOVE = YES;
				CLANG_WARN_UNGUARDED_AVAILABILITY = YES_AGGRESSIVE;
				CLANG_WARN_UNREACHABLE_CODE = YES;
				CLANG_WARN__DUPLICATE_METHOD_MATCH = YES;
				COPY_PHASE_STRIP = NO;
				DEBUG_INFORMATION_FORMAT = dwarf;
				ENABLE_STRICT_OBJC_MSGSEND = YES;
				ENABLE_TESTABILITY = YES;
				ENABLE_USER_SCRIPT_SANDBOXING = YES;
				GCC_C_LANGUAGE_STANDARD = gnu17;
				GCC_DYNAMIC_NO_PIC = NO;
				GCC_NO_COMMON_BLOCKS = YES;
				GCC_OPTIMIZATION_LEVEL = 0;
				GCC_PREPROCESSOR_DEFINITIONS = (
					"DEBUG=1",
					"$(inherited)",
				);
				GCC_WARN_64_TO_32_BIT_CONVERSION = YES;
				GCC_WARN_ABOUT_RETURN_TYPE = YES_ERROR;
				GCC_WARN_UNDECLARED_SELECTOR = YES;
				GCC_WARN_UNINITIALIZED_AUTOS = YES_AGGRESSIVE;
				GCC_WARN_UNUSED_FUNCTION = YES;
				GCC_WARN_UNUSED_VARIABLE = YES;
				IPHONEOS_DEPLOYMENT_TARGET = 18.1;
				LOCALIZATION_PREFERS_STRING_CATALOGS = YES;
				MTL_ENABLE_DEBUG_INFO = INCLUDE_SOURCE;
				MTL_FAST_MATH = YES;
				ONLY_ACTIVE_ARCH = YES;
				SDKROOT = iphoneos;
				SWIFT_ACTIVE_COMPILATION_CONDITIONS = "DEBUG $(inherited)";
				SWIFT_OPTIMIZATION_LEVEL = "-Onone";
			};
			name = Debug;
		};
		58A9E0C02D38045A0035636D /* Release */ = {
			isa = XCBuildConfiguration;
			buildSettings = {
				ALWAYS_SEARCH_USER_PATHS = NO;
				ASSETCATALOG_COMPILER_GENERATE_SWIFT_ASSET_SYMBOL_EXTENSIONS = YES;
				CLANG_ANALYZER_NONNULL = YES;
				CLANG_ANALYZER_NUMBER_OBJECT_CONVERSION = YES_AGGRESSIVE;
				CLANG_CXX_LANGUAGE_STANDARD = "gnu++20";
				CLANG_ENABLE_MODULES = YES;
				CLANG_ENABLE_OBJC_ARC = YES;
				CLANG_ENABLE_OBJC_WEAK = YES;
				CLANG_WARN_BLOCK_CAPTURE_AUTORELEASING = YES;
				CLANG_WARN_BOOL_CONVERSION = YES;
				CLANG_WARN_COMMA = YES;
				CLANG_WARN_CONSTANT_CONVERSION = YES;
				CLANG_WARN_DEPRECATED_OBJC_IMPLEMENTATIONS = YES;
				CLANG_WARN_DIRECT_OBJC_ISA_USAGE = YES_ERROR;
				CLANG_WARN_DOCUMENTATION_COMMENTS = YES;
				CLANG_WARN_EMPTY_BODY = YES;
				CLANG_WARN_ENUM_CONVERSION = YES;
				CLANG_WARN_INFINITE_RECURSION = YES;
				CLANG_WARN_INT_CONVERSION = YES;
				CLANG_WARN_NON_LITERAL_NULL_CONVERSION = YES;
				CLANG_WARN_OBJC_IMPLICIT_RETAIN_SELF = YES;
				CLANG_WARN_OBJC_LITERAL_CONVERSION = YES;
				CLANG_WARN_OBJC_ROOT_CLASS = YES_ERROR;
				CLANG_WARN_QUOTED_INCLUDE_IN_FRAMEWORK_HEADER = YES;
				CLANG_WARN_RANGE_LOOP_ANALYSIS = YES;
				CLANG_WARN_STRICT_PROTOTYPES = YES;
				CLANG_WARN_SUSPICIOUS_MOVE = YES;
				CLANG_WARN_UNGUARDED_AVAILABILITY = YES_AGGRESSIVE;
				CLANG_WARN_UNREACHABLE_CODE = YES;
				CLANG_WARN__DUPLICATE_METHOD_MATCH = YES;
				COPY_PHASE_STRIP = NO;
				DEBUG_INFORMATION_FORMAT = "dwarf-with-dsym";
				ENABLE_NS_ASSERTIONS = NO;
				ENABLE_STRICT_OBJC_MSGSEND = YES;
				ENABLE_USER_SCRIPT_SANDBOXING = YES;
				GCC_C_LANGUAGE_STANDARD = gnu17;
				GCC_NO_COMMON_BLOCKS = YES;
				GCC_WARN_64_TO_32_BIT_CONVERSION = YES;
				GCC_WARN_ABOUT_RETURN_TYPE = YES_ERROR;
				GCC_WARN_UNDECLARED_SELECTOR = YES;
				GCC_WARN_UNINITIALIZED_AUTOS = YES_AGGRESSIVE;
				GCC_WARN_UNUSED_FUNCTION = YES;
				GCC_WARN_UNUSED_VARIABLE = YES;
				IPHONEOS_DEPLOYMENT_TARGET = 18.1;
				LOCALIZATION_PREFERS_STRING_CATALOGS = YES;
				MTL_ENABLE_DEBUG_INFO = NO;
				MTL_FAST_MATH = YES;
				SDKROOT = iphoneos;
				SWIFT_COMPILATION_MODE = wholemodule;
				VALIDATE_PRODUCT = YES;
			};
			name = Release;
		};
		58A9E0C22D38045A0035636D /* Debug */ = {
			isa = XCBuildConfiguration;
			buildSettings = {
				API_KEY = 6e363c04dcb34d7b971230422251501;
				ASSETCATALOG_COMPILER_APPICON_NAME = AppIcon;
				ASSETCATALOG_COMPILER_GLOBAL_ACCENT_COLOR_NAME = AccentColor;
				CODE_SIGN_STYLE = Automatic;
				CURRENT_PROJECT_VERSION = 1;
				DEVELOPMENT_ASSET_PATHS = "\"WeatherMood/Preview Content\"";
				DEVELOPMENT_TEAM = 8JM7VY488D;
				ENABLE_PREVIEWS = YES;
				GENERATE_INFOPLIST_FILE = YES;
				INFOPLIST_FILE = WeatherMood/Info.plist;
				INFOPLIST_KEY_UIApplicationSceneManifest_Generation = YES;
				INFOPLIST_KEY_UIApplicationSupportsIndirectInputEvents = YES;
				INFOPLIST_KEY_UILaunchScreen_Generation = YES;
				INFOPLIST_KEY_UISupportedInterfaceOrientations_iPad = "UIInterfaceOrientationPortrait UIInterfaceOrientationPortraitUpsideDown UIInterfaceOrientationLandscapeLeft UIInterfaceOrientationLandscapeRight";
				INFOPLIST_KEY_UISupportedInterfaceOrientations_iPhone = "UIInterfaceOrientationPortrait UIInterfaceOrientationLandscapeLeft UIInterfaceOrientationLandscapeRight";
				LD_RUNPATH_SEARCH_PATHS = (
					"$(inherited)",
					"@executable_path/Frameworks",
				);
				MARKETING_VERSION = 1.0;
				PRODUCT_BUNDLE_IDENTIFIER = Items.WeatherMood;
				PRODUCT_NAME = "$(TARGET_NAME)";
				SWIFT_EMIT_LOC_STRINGS = YES;
				SWIFT_VERSION = 5.0;
				TARGETED_DEVICE_FAMILY = "1,2";
			};
			name = Debug;
		};
		58A9E0C32D38045A0035636D /* Release */ = {
			isa = XCBuildConfiguration;
			buildSettings = {
				API_KEY = 6e363c04dcb34d7b971230422251501;
				ASSETCATALOG_COMPILER_APPICON_NAME = AppIcon;
				ASSETCATALOG_COMPILER_GLOBAL_ACCENT_COLOR_NAME = AccentColor;
				CODE_SIGN_STYLE = Automatic;
				CURRENT_PROJECT_VERSION = 1;
				DEVELOPMENT_ASSET_PATHS = "\"WeatherMood/Preview Content\"";
				DEVELOPMENT_TEAM = 8JM7VY488D;
				ENABLE_PREVIEWS = YES;
				GENERATE_INFOPLIST_FILE = YES;
				INFOPLIST_FILE = WeatherMood/Info.plist;
				INFOPLIST_KEY_UIApplicationSceneManifest_Generation = YES;
				INFOPLIST_KEY_UIApplicationSupportsIndirectInputEvents = YES;
				INFOPLIST_KEY_UILaunchScreen_Generation = YES;
				INFOPLIST_KEY_UISupportedInterfaceOrientations_iPad = "UIInterfaceOrientationPortrait UIInterfaceOrientationPortraitUpsideDown UIInterfaceOrientationLandscapeLeft UIInterfaceOrientationLandscapeRight";
				INFOPLIST_KEY_UISupportedInterfaceOrientations_iPhone = "UIInterfaceOrientationPortrait UIInterfaceOrientationLandscapeLeft UIInterfaceOrientationLandscapeRight";
				LD_RUNPATH_SEARCH_PATHS = (
					"$(inherited)",
					"@executable_path/Frameworks",
				);
				MARKETING_VERSION = 1.0;
				PRODUCT_BUNDLE_IDENTIFIER = Items.WeatherMood;
				PRODUCT_NAME = "$(TARGET_NAME)";
				SWIFT_EMIT_LOC_STRINGS = YES;
				SWIFT_VERSION = 5.0;
				TARGETED_DEVICE_FAMILY = "1,2";
			};
			name = Release;
		};
		58A9E0C52D38045A0035636D /* Debug */ = {
			isa = XCBuildConfiguration;
			buildSettings = {
				BUNDLE_LOADER = "$(TEST_HOST)";
				CODE_SIGN_STYLE = Automatic;
				CURRENT_PROJECT_VERSION = 1;
				DEVELOPMENT_TEAM = 8JM7VY488D;
				GENERATE_INFOPLIST_FILE = YES;
				IPHONEOS_DEPLOYMENT_TARGET = 18.1;
				MARKETING_VERSION = 1.0;
				PRODUCT_BUNDLE_IDENTIFIER = Items.WeatherMoodTests;
				PRODUCT_NAME = "$(TARGET_NAME)";
				SWIFT_EMIT_LOC_STRINGS = NO;
				SWIFT_VERSION = 5.0;
				TARGETED_DEVICE_FAMILY = "1,2";
				TEST_HOST = "$(BUILT_PRODUCTS_DIR)/WeatherMood.app/$(BUNDLE_EXECUTABLE_FOLDER_PATH)/WeatherMood";
			};
			name = Debug;
		};
		58A9E0C62D38045A0035636D /* Release */ = {
			isa = XCBuildConfiguration;
			buildSettings = {
				BUNDLE_LOADER = "$(TEST_HOST)";
				CODE_SIGN_STYLE = Automatic;
				CURRENT_PROJECT_VERSION = 1;
				DEVELOPMENT_TEAM = 8JM7VY488D;
				GENERATE_INFOPLIST_FILE = YES;
				IPHONEOS_DEPLOYMENT_TARGET = 18.1;
				MARKETING_VERSION = 1.0;
				PRODUCT_BUNDLE_IDENTIFIER = Items.WeatherMoodTests;
				PRODUCT_NAME = "$(TARGET_NAME)";
				SWIFT_EMIT_LOC_STRINGS = NO;
				SWIFT_VERSION = 5.0;
				TARGETED_DEVICE_FAMILY = "1,2";
				TEST_HOST = "$(BUILT_PRODUCTS_DIR)/WeatherMood.app/$(BUNDLE_EXECUTABLE_FOLDER_PATH)/WeatherMood";
			};
			name = Release;
		};
		58A9E0C82D38045A0035636D /* Debug */ = {
			isa = XCBuildConfiguration;
			buildSettings = {
				CODE_SIGN_STYLE = Automatic;
				CURRENT_PROJECT_VERSION = 1;
				DEVELOPMENT_TEAM = 8JM7VY488D;
				GENERATE_INFOPLIST_FILE = YES;
				MARKETING_VERSION = 1.0;
				PRODUCT_BUNDLE_IDENTIFIER = Items.WeatherMoodUITests;
				PRODUCT_NAME = "$(TARGET_NAME)";
				SWIFT_EMIT_LOC_STRINGS = NO;
				SWIFT_VERSION = 5.0;
				TARGETED_DEVICE_FAMILY = "1,2";
				TEST_TARGET_NAME = WeatherMood;
			};
			name = Debug;
		};
		58A9E0C92D38045A0035636D /* Release */ = {
			isa = XCBuildConfiguration;
			buildSettings = {
				CODE_SIGN_STYLE = Automatic;
				CURRENT_PROJECT_VERSION = 1;
				DEVELOPMENT_TEAM = 8JM7VY488D;
				GENERATE_INFOPLIST_FILE = YES;
				MARKETING_VERSION = 1.0;
				PRODUCT_BUNDLE_IDENTIFIER = Items.WeatherMoodUITests;
				PRODUCT_NAME = "$(TARGET_NAME)";
				SWIFT_EMIT_LOC_STRINGS = NO;
				SWIFT_VERSION = 5.0;
				TARGETED_DEVICE_FAMILY = "1,2";
				TEST_TARGET_NAME = WeatherMood;
			};
			name = Release;
		};
/* End XCBuildConfiguration section */

/* Begin XCConfigurationList section */
		58A9E0982D3804570035636D /* Build configuration list for PBXProject "WeatherMood" */ = {
			isa = XCConfigurationList;
			buildConfigurations = (
				58A9E0BF2D38045A0035636D /* Debug */,
				58A9E0C02D38045A0035636D /* Release */,
			);
			defaultConfigurationIsVisible = 0;
			defaultConfigurationName = Release;
		};
		58A9E0C12D38045A0035636D /* Build configuration list for PBXNativeTarget "WeatherMood" */ = {
			isa = XCConfigurationList;
			buildConfigurations = (
				58A9E0C22D38045A0035636D /* Debug */,
				58A9E0C32D38045A0035636D /* Release */,
			);
			defaultConfigurationIsVisible = 0;
			defaultConfigurationName = Release;
		};
		58A9E0C42D38045A0035636D /* Build configuration list for PBXNativeTarget "WeatherMoodTests" */ = {
			isa = XCConfigurationList;
			buildConfigurations = (
				58A9E0C52D38045A0035636D /* Debug */,
				58A9E0C62D38045A0035636D /* Release */,
			);
			defaultConfigurationIsVisible = 0;
			defaultConfigurationName = Release;
		};
		58A9E0C72D38045A0035636D /* Build configuration list for PBXNativeTarget "WeatherMoodUITests" */ = {
			isa = XCConfigurationList;
			buildConfigurations = (
				58A9E0C82D38045A0035636D /* Debug */,
				58A9E0C92D38045A0035636D /* Release */,
			);
			defaultConfigurationIsVisible = 0;
			defaultConfigurationName = Release;
		};
/* End XCConfigurationList section */

/* Begin XCRemoteSwiftPackageReference section */
		588261D02D38F6C300CEAB45 /* XCRemoteSwiftPackageReference "IQKeyboardManager" */ = {
			isa = XCRemoteSwiftPackageReference;
			repositoryURL = "https://github.com/hackiftekhar/IQKeyboardManager.git";
			requirement = {
				kind = upToNextMajorVersion;
				minimumVersion = 8.0.0;
			};
		};
/* End XCRemoteSwiftPackageReference section */

/* Begin XCSwiftPackageProductDependency section */
		588261D12D38F6C300CEAB45 /* IQKeyboardManagerSwift */ = {
			isa = XCSwiftPackageProductDependency;
			package = 588261D02D38F6C300CEAB45 /* XCRemoteSwiftPackageReference "IQKeyboardManager" */;
			productName = IQKeyboardManagerSwift;
		};
/* End XCSwiftPackageProductDependency section */
	};
	rootObject = 58A9E0952D3804570035636D /* Project object */;
}
